
Microsoft Visual Studio Solution File, Format Version 12.00
# Visual Studio Version 16
VisualStudioVersion = 16.0.30002.166
MinimumVisualStudioVersion = 10.0.40219.1
Project("{FAE04EC0-301F-11D3-BF4B-00C04F79EFBC}") = "PracticeShellApp.Android", "PracticeShellApp.Android\PracticeShellApp.Android.csproj", "{83DBACEB-A80E-43A2-B262-F342FEEA2150}"
EndProject
Project("{FAE04EC0-301F-11D3-BF4B-00C04F79EFBC}") = "PracticeShellApp.iOS", "PracticeShellApp.iOS\PracticeShellApp.iOS.csproj", "{C6D71548-23FB-4C25-B38A-4D0D381580B9}"
EndProject
Project("{FAE04EC0-301F-11D3-BF4B-00C04F79EFBC}") = "PracticeShellApp", "PracticeShellApp\PracticeShellApp.csproj", "{9494A4DE-49DC-44ED-99F4-2FA6FAE85B05}"
EndProject
Global
	GlobalSection(SolutionConfigurationPlatforms) = preSolution
		Debug|Any CPU = Debug|Any CPU
		Debug|iPhone = Debug|iPhone
		Debug|iPhoneSimulator = Debug|iPhoneSimulator
		Release|Any CPU = Release|Any CPU
		Release|iPhone = Release|iPhone
		Release|iPhoneSimulator = Release|iPhoneSimulator
	EndGlobalSection
	GlobalSection(ProjectConfigurationPlatforms) = postSolution
		{83DBACEB-A80E-43A2-B262-F342FEEA2150}.Debug|Any CPU.ActiveCfg = Debug|Any CPU
		{83DBACEB-A80E-43A2-B262-F342FEEA2150}.Debug|Any CPU.Build.0 = Debug|Any CPU
		{83DBACEB-A80E-43A2-B262-F342FEEA2150}.Debug|Any CPU.Deploy.0 = Debug|Any CPU
		{83DBACEB-A80E-43A2-B262-F342FEEA2150}.Debug|iPhone.ActiveCfg = Debug|Any CPU
		{83DBACEB-A80E-43A2-B262-F342FEEA2150}.Debug|iPhone.Build.0 = Debug|Any CPU
		{83DBACEB-A80E-43A2-B262-F342FEEA2150}.Debug|iPhone.Deploy.0 = Debug|Any CPU
		{83DBACEB-A80E-43A2-B262-F342FEEA2150}.Debug|iPhoneSimulator.ActiveCfg = Debug|Any CPU
		{83DBACEB-A80E-43A2-B262-F342FEEA2150}.Debug|iPhoneSimulator.Build.0 = Debug|Any CPU
		{83DBACEB-A80E-43A2-B262-F342FEEA2150}.Debug|iPhoneSimulator.Deploy.0 = Debug|Any CPU
		{83DBACEB-A80E-43A2-B262-F342FEEA2150}.Release|Any CPU.ActiveCfg = Release|Any CPU
		{83DBACEB-A80E-43A2-B262-F342FEEA2150}.Release|Any CPU.Build.0 = Release|Any CPU
		{83DBACEB-A80E-43A2-B262-F342FEEA2150}.Release|Any CPU.Deploy.0 = Release|Any CPU
		{83DBACEB-A80E-43A2-B262-F342FEEA2150}.Release|iPhone.ActiveCfg = Release|Any CPU
		{83DBACEB-A80E-43A2-B262-F342FEEA2150}.Release|iPhone.Build.0 = Release|Any CPU
		{83DBACEB-A80E-43A2-B262-F342FEEA2150}.Release|iPhone.Deploy.0 = Release|Any CPU
		{83DBACEB-A80E-43A2-B262-F342FEEA2150}.Release|iPhoneSimulator.ActiveCfg = Release|Any CPU
		{83DBACEB-A80E-43A2-B262-F342FEEA2150}.Release|iPhoneSimulator.Build.0 = Release|Any CPU
		{83DBACEB-A80E-43A2-B262-F342FEEA2150}.Release|iPhoneSimulator.Deploy.0 = Release|Any CPU
		{C6D71548-23FB-4C25-B38A-4D0D381580B9}.Debug|Any CPU.ActiveCfg = Debug|iPhone
		{C6D71548-23FB-4C25-B38A-4D0D381580B9}.Debug|Any CPU.Build.0 = Debug|iPhone
		{C6D71548-23FB-4C25-B38A-4D0D381580B9}.Debug|Any CPU.Deploy.0 = Debug|iPhone
		{C6D71548-23FB-4C25-B38A-4D0D381580B9}.Debug|iPhone.ActiveCfg = Debug|iPhone
		{C6D71548-23FB-4C25-B38A-4D0D381580B9}.Debug|iPhone.Build.0 = Debug|iPhone
		{C6D71548-23FB-4C25-B38A-4D0D381580B9}.Debug|iPhone.Deploy.0 = Debug|iPhone
		{C6D71548-23FB-4C25-B38A-4D0D381580B9}.Debug|iPhoneSimulator.ActiveCfg = Debug|iPhoneSimulator
		{C6D71548-23FB-4C25-B38A-4D0D381580B9}.Debug|iPhoneSimulator.Build.0 = Debug|iPhoneSimulator
		{C6D71548-23FB-4C25-B38A-4D0D381580B9}.Debug|iPhoneSimulator.Deploy.0 = Debug|iPhoneSimulator
		{C6D71548-23FB-4C25-B38A-4D0D381580B9}.Release|Any CPU.ActiveCfg = Release|iPhone
		{C6D71548-23FB-4C25-B38A-4D0D381580B9}.Release|Any CPU.Build.0 = Release|iPhone
		{C6D71548-23FB-4C25-B38A-4D0D381580B9}.Release|Any CPU.Deploy.0 = Release|iPhone
		{C6D71548-23FB-4C25-B38A-4D0D381580B9}.Release|iPhone.ActiveCfg = Release|iPhone
		{C6D71548-23FB-4C25-B38A-4D0D381580B9}.Release|iPhone.Build.0 = Release|iPhone
		{C6D71548-23FB-4C25-B38A-4D0D381580B9}.Release|iPhone.Deploy.0 = Release|iPhone
		{C6D71548-23FB-4C25-B38A-4D0D381580B9}.Release|iPhoneSimulator.ActiveCfg = Release|iPhoneSimulator
		{C6D71548-23FB-4C25-B38A-4D0D381580B9}.Release|iPhoneSimulator.Build.0 = Release|iPhoneSimulator
		{C6D71548-23FB-4C25-B38A-4D0D381580B9}.Release|iPhoneSimulator.Deploy.0 = Release|iPhoneSimulator
		{9494A4DE-49DC-44ED-99F4-2FA6FAE85B05}.Debug|Any CPU.ActiveCfg = Debug|Any CPU
		{9494A4DE-49DC-44ED-99F4-2FA6FAE85B05}.Debug|Any CPU.Build.0 = Debug|Any CPU
		{9494A4DE-49DC-44ED-99F4-2FA6FAE85B05}.Debug|Any CPU.Deploy.0 = Debug|Any CPU
		{9494A4DE-49DC-44ED-99F4-2FA6FAE85B05}.Debug|iPhone.ActiveCfg = Debug|Any CPU
		{9494A4DE-49DC-44ED-99F4-2FA6FAE85B05}.Debug|iPhone.Build.0 = Debug|Any CPU
		{9494A4DE-49DC-44ED-99F4-2FA6FAE85B05}.Debug|iPhone.Deploy.0 = Debug|Any CPU
		{9494A4DE-49DC-44ED-99F4-2FA6FAE85B05}.Debug|iPhoneSimulator.ActiveCfg = Debug|Any CPU
		{9494A4DE-49DC-44ED-99F4-2FA6FAE85B05}.Debug|iPhoneSimulator.Build.0 = Debug|Any CPU
		{9494A4DE-49DC-44ED-99F4-2FA6FAE85B05}.Debug|iPhoneSimulator.Deploy.0 = Debug|Any CPU
		{9494A4DE-49DC-44ED-99F4-2FA6FAE85B05}.Release|Any CPU.ActiveCfg = Release|Any CPU
		{9494A4DE-49DC-44ED-99F4-2FA6FAE85B05}.Release|Any CPU.Build.0 = Release|Any CPU
		{9494A4DE-49DC-44ED-99F4-2FA6FAE85B05}.Release|Any CPU.Deploy.0 = Release|Any CPU
		{9494A4DE-49DC-44ED-99F4-2FA6FAE85B05}.Release|iPhone.ActiveCfg = Release|Any CPU
		{9494A4DE-49DC-44ED-99F4-2FA6FAE85B05}.Release|iPhone.Build.0 = Release|Any CPU
		{9494A4DE-49DC-44ED-99F4-2FA6FAE85B05}.Release|iPhone.Deploy.0 = Release|Any CPU
		{9494A4DE-49DC-44ED-99F4-2FA6FAE85B05}.Release|iPhoneSimulator.ActiveCfg = Release|Any CPU
		{9494A4DE-49DC-44ED-99F4-2FA6FAE85B05}.Release|iPhoneSimulator.Build.0 = Release|Any CPU
		{9494A4DE-49DC-44ED-99F4-2FA6FAE85B05}.Release|iPhoneSimulator.Deploy.0 = Release|Any CPU
	EndGlobalSection
	GlobalSection(SolutionProperties) = preSolution
		HideSolutionNode = FALSE
	EndGlobalSection
	GlobalSection(ExtensibilityGlobals) = postSolution
		SolutionGuid = {49D1C3C4-2F78-46BD-A769-2354BCE826E8}
	EndGlobalSection
EndGlobal
